{
  "name": "@kpritam/gpr-playground",
  "version": "1.0.2",
  "lockfileVersion": 1,
  "requires": true,
  "dependencies": {
    "@codertocat/hello-world-npm": {
      "version": "1.0.2",
      "resolved": "https://npm.pkg.github.com/download/@codertocat/hello-world-npm/1.0.2/bc490ac91999416d29e0d199dacdad3d0d3f576446633533ed2adb775a11a374",
      "integrity": "sha1-k4Smi9KHuFnwKGg7yqzt0ngD8d0="
    },
    "@kpritam/gpr-playground": {
      "version": "1.0.0",
      "resolved": "https://npm.pkg.github.com/download/@kpritam/gpr-playground/1.0.0/c2591e006c6bea32e34fc625482a3e6afcb266da53a970d73706940db6f641d4",
      "integrity": "sha512-YNkcv1kf4Fe53xx7sGLLaXDcqu2eOGuSu3AMuLP+zD6EBtBmMpHx8iWQO1qYCv0KM+zfxR8tcTuzuG53WRih/A=="
    }
  }
}
